// !$*UTF8*$!
{
	archiveVersion = 1;
	classes = {
	};
	objectVersion = 50;
	objects = {

/* Begin PBXBuildFile section */
		765847DF250D2E2C002C325B /* AppDelegate.swift in Sources */ = {isa = PBXBuildFile; fileRef = 765847DE250D2E2C002C325B /* AppDelegate.swift */; };
		765847E1250D2E2C002C325B /* ContentView.swift in Sources */ = {isa = PBXBuildFile; fileRef = 765847E0250D2E2C002C325B /* ContentView.swift */; };
		765847E3250D2E2C002C325B /* Experience.rcproject in Sources */ = {isa = PBXBuildFile; fileRef = 765847E2250D2E2C002C325B /* Experience.rcproject */; };
		765847E5250D2E30002C325B /* Assets.xcassets in Resources */ = {isa = PBXBuildFile; fileRef = 765847E4250D2E30002C325B /* Assets.xcassets */; };
		765847E8250D2E30002C325B /* Preview Assets.xcassets in Resources */ = {isa = PBXBuildFile; fileRef = 765847E7250D2E30002C325B /* Preview Assets.xcassets */; };
		765847EB250D2E30002C325B /* LaunchScreen.storyboard in Resources */ = {isa = PBXBuildFile; fileRef = 765847E9250D2E30002C325B /* LaunchScreen.storyboard */; };
		765847F6250D2E30002C325B /* MoleculARTests.swift in Sources */ = {isa = PBXBuildFile; fileRef = 765847F5250D2E30002C325B /* MoleculARTests.swift */; };
		76584801250D2E30002C325B /* MoleculARUITests.swift in Sources */ = {isa = PBXBuildFile; fileRef = 76584800250D2E30002C325B /* MoleculARUITests.swift */; };
/* End PBXBuildFile section */

/* Begin PBXContainerItemProxy section */
		765847F2250D2E30002C325B /* PBXContainerItemProxy */ = {
			isa = PBXContainerItemProxy;
			containerPortal = 765847D3250D2E2C002C325B /* Project object */;
			proxyType = 1;
			remoteGlobalIDString = 765847DA250D2E2C002C325B;
			remoteInfo = MoleculAR;
		};
		765847FD250D2E30002C325B /* PBXContainerItemProxy */ = {
			isa = PBXContainerItemProxy;
			containerPortal = 765847D3250D2E2C002C325B /* Project object */;
			proxyType = 1;
			remoteGlobalIDString = 765847DA250D2E2C002C325B;
			remoteInfo = MoleculAR;
		};
/* End PBXContainerItemProxy section */

/* Begin PBXFileReference section */
		765847DB250D2E2C002C325B /* MoleculAR.app */ = {isa = PBXFileReference; explicitFileType = wrapper.application; includeInIndex = 0; path = MoleculAR.app; sourceTree = BUILT_PRODUCTS_DIR; };
		765847DE250D2E2C002C325B /* AppDelegate.swift */ = {isa = PBXFileReference; lastKnownFileType = sourcecode.swift; path = AppDelegate.swift; sourceTree = "<group>"; };
		765847E0250D2E2C002C325B /* ContentView.swift */ = {isa = PBXFileReference; lastKnownFileType = sourcecode.swift; path = ContentView.swift; sourceTree = "<group>"; };
		765847E2250D2E2C002C325B /* Experience.rcproject */ = {isa = PBXFileReference; lastKnownFileType = file.rcproject; path = Experience.rcproject; sourceTree = "<group>"; };
		765847E4250D2E30002C325B /* Assets.xcassets */ = {isa = PBXFileReference; lastKnownFileType = folder.assetcatalog; path = Assets.xcassets; sourceTree = "<group>"; };
		765847E7250D2E30002C325B /* Preview Assets.xcassets */ = {isa = PBXFileReference; lastKnownFileType = folder.assetcatalog; path = "Preview Assets.xcassets"; sourceTree = "<group>"; };
		765847EA250D2E30002C325B /* Base */ = {isa = PBXFileReference; lastKnownFileType = file.storyboard; name = Base; path = Base.lproj/LaunchScreen.storyboard; sourceTree = "<group>"; };
		765847EC250D2E30002C325B /* Info.plist */ = {isa = PBXFileReference; lastKnownFileType = text.plist.xml; path = Info.plist; sourceTree = "<group>"; };
		765847F1250D2E30002C325B /* MoleculARTests.xctest */ = {isa = PBXFileReference; explicitFileType = wrapper.cfbundle; includeInIndex = 0; path = MoleculARTests.xctest; sourceTree = BUILT_PRODUCTS_DIR; };
		765847F5250D2E30002C325B /* MoleculARTests.swift */ = {isa = PBXFileReference; lastKnownFileType = sourcecode.swift; path = MoleculARTests.swift; sourceTree = "<group>"; };
		765847F7250D2E30002C325B /* Info.plist */ = {isa = PBXFileReference; lastKnownFileType = text.plist.xml; path = Info.plist; sourceTree = "<group>"; };
		765847FC250D2E30002C325B /* MoleculARUITests.xctest */ = {isa = PBXFileReference; explicitFileType = wrapper.cfbundle; includeInIndex = 0; path = MoleculARUITests.xctest; sourceTree = BUILT_PRODUCTS_DIR; };
		76584800250D2E30002C325B /* MoleculARUITests.swift */ = {isa = PBXFileReference; lastKnownFileType = sourcecode.swift; path = MoleculARUITests.swift; sourceTree = "<group>"; };
		76584802250D2E30002C325B /* Info.plist */ = {isa = PBXFileReference; lastKnownFileType = text.plist.xml; path = Info.plist; sourceTree = "<group>"; };
/* End PBXFileReference section */

/* Begin PBXFrameworksBuildPhase section */
		765847D8250D2E2C002C325B /* Frameworks */ = {
			isa = PBXFrameworksBuildPhase;
			buildActionMask = 2147483647;
			files = (
			);
			runOnlyForDeploymentPostprocessing = 0;
		};
		765847EE250D2E30002C325B /* Frameworks */ = {
			isa = PBXFrameworksBuildPhase;
			buildActionMask = 2147483647;
			files = (
			);
			runOnlyForDeploymentPostprocessing = 0;
		};
		765847F9250D2E30002C325B /* Frameworks */ = {
			isa = PBXFrameworksBuildPhase;
			buildActionMask = 2147483647;
			files = (
			);
			runOnlyForDeploymentPostprocessing = 0;
		};
/* End PBXFrameworksBuildPhase section */

/* Begin PBXGroup section */
		765847D2250D2E2C002C325B = {
			isa = PBXGroup;
			children = (
				765847DD250D2E2C002C325B /* MoleculAR */,
				765847F4250D2E30002C325B /* MoleculARTests */,
				765847FF250D2E30002C325B /* MoleculARUITests */,
				765847DC250D2E2C002C325B /* Products */,
			);
			sourceTree = "<group>";
		};
		765847DC250D2E2C002C325B /* Products */ = {
			isa = PBXGroup;
			children = (
				765847DB250D2E2C002C325B /* MoleculAR.app */,
				765847F1250D2E30002C325B /* MoleculARTests.xctest */,
				765847FC250D2E30002C325B /* MoleculARUITests.xctest */,
			);
			name = Products;
			sourceTree = "<group>";
		};
		765847DD250D2E2C002C325B /* MoleculAR */ = {
			isa = PBXGroup;
			children = (
				765847DE250D2E2C002C325B /* AppDelegate.swift */,
				765847E0250D2E2C002C325B /* ContentView.swift */,
				765847E2250D2E2C002C325B /* Experience.rcproject */,
				765847E4250D2E30002C325B /* Assets.xcassets */,
				765847E9250D2E30002C325B /* LaunchScreen.storyboard */,
				765847EC250D2E30002C325B /* Info.plist */,
				765847E6250D2E30002C325B /* Preview Content */,
			);
			path = MoleculAR;
			sourceTree = "<group>";
		};
		765847E6250D2E30002C325B /* Preview Content */ = {
			isa = PBXGroup;
			children = (
				765847E7250D2E30002C325B /* Preview Assets.xcassets */,
			);
			path = "Preview Content";
			sourceTree = "<group>";
		};
		765847F4250D2E30002C325B /* MoleculARTests */ = {
			isa = PBXGroup;
			children = (
				765847F5250D2E30002C325B /* MoleculARTests.swift */,
				765847F7250D2E30002C325B /* Info.plist */,
			);
			path = MoleculARTests;
			sourceTree = "<group>";
		};
		765847FF250D2E30002C325B /* MoleculARUITests */ = {
			isa = PBXGroup;
			children = (
				76584800250D2E30002C325B /* MoleculARUITests.swift */,
				76584802250D2E30002C325B /* Info.plist */,
			);
			path = MoleculARUITests;
			sourceTree = "<group>";
		};
/* End PBXGroup section */

/* Begin PBXNativeTarget section */
		765847DA250D2E2C002C325B /* MoleculAR */ = {
			isa = PBXNativeTarget;
			buildConfigurationList = 76584805250D2E30002C325B /* Build configuration list for PBXNativeTarget "MoleculAR" */;
			buildPhases = (
				765847D7250D2E2C002C325B /* Sources */,
				765847D8250D2E2C002C325B /* Frameworks */,
				765847D9250D2E2C002C325B /* Resources */,
			);
			buildRules = (
			);
			dependencies = (
			);
			name = MoleculAR;
			productName = MoleculAR;
			productReference = 765847DB250D2E2C002C325B /* MoleculAR.app */;
			productType = "com.apple.product-type.application";
		};
		765847F0250D2E30002C325B /* MoleculARTests */ = {
			isa = PBXNativeTarget;
			buildConfigurationList = 76584808250D2E30002C325B /* Build configuration list for PBXNativeTarget "MoleculARTests" */;
			buildPhases = (
				765847ED250D2E30002C325B /* Sources */,
				765847EE250D2E30002C325B /* Frameworks */,
				765847EF250D2E30002C325B /* Resources */,
			);
			buildRules = (
			);
			dependencies = (
				765847F3250D2E30002C325B /* PBXTargetDependency */,
			);
			name = MoleculARTests;
			productName = MoleculARTests;
			productReference = 765847F1250D2E30002C325B /* MoleculARTests.xctest */;
			productType = "com.apple.product-type.bundle.unit-test";
		};
		765847FB250D2E30002C325B /* MoleculARUITests */ = {
			isa = PBXNativeTarget;
			buildConfigurationList = 7658480B250D2E30002C325B /* Build configuration list for PBXNativeTarget "MoleculARUITests" */;
			buildPhases = (
				765847F8250D2E30002C325B /* Sources */,
				765847F9250D2E30002C325B /* Frameworks */,
				765847FA250D2E30002C325B /* Resources */,
			);
			buildRules = (
			);
			dependencies = (
				765847FE250D2E30002C325B /* PBXTargetDependency */,
			);
			name = MoleculARUITests;
			productName = MoleculARUITests;
			productReference = 765847FC250D2E30002C325B /* MoleculARUITests.xctest */;
			productType = "com.apple.product-type.bundle.ui-testing";
		};
/* End PBXNativeTarget section */

/* Begin PBXProject section */
		765847D3250D2E2C002C325B /* Project object */ = {
			isa = PBXProject;
			attributes = {
				LastSwiftUpdateCheck = 1170;
				LastUpgradeCheck = 1170;
				ORGANIZATIONNAME = "Surreal Development LLC";
				TargetAttributes = {
					765847DA250D2E2C002C325B = {
						CreatedOnToolsVersion = 11.7;
					};
					765847F0250D2E30002C325B = {
						CreatedOnToolsVersion = 11.7;
						TestTargetID = 765847DA250D2E2C002C325B;
					};
					765847FB250D2E30002C325B = {
						CreatedOnToolsVersion = 11.7;
						TestTargetID = 765847DA250D2E2C002C325B;
					};
				};
			};
			buildConfigurationList = 765847D6250D2E2C002C325B /* Build configuration list for PBXProject "MoleculAR" */;
			compatibilityVersion = "Xcode 9.3";
			developmentRegion = en;
			hasScannedForEncodings = 0;
			knownRegions = (
				en,
				Base,
			);
			mainGroup = 765847D2250D2E2C002C325B;
			productRefGroup = 765847DC250D2E2C002C325B /* Products */;
			projectDirPath = "";
			projectRoot = "";
			targets = (
				765847DA250D2E2C002C325B /* MoleculAR */,
				765847F0250D2E30002C325B /* MoleculARTests */,
				765847FB250D2E30002C325B /* MoleculARUITests */,
			);
		};
/* End PBXProject section */

/* Begin PBXResourcesBuildPhase section */
		765847D9250D2E2C002C325B /* Resources */ = {
			isa = PBXResourcesBuildPhase;
			buildActionMask = 2147483647;
			files = (
				765847EB250D2E30002C325B /* LaunchScreen.storyboard in Resources */,
				765847E8250D2E30002C325B /* Preview Assets.xcassets in Resources */,
				765847E5250D2E30002C325B /* Assets.xcassets in Resources */,
			);
			runOnlyForDeploymentPostprocessing = 0;
		};
		765847EF250D2E30002C325B /* Resources */ = {
			isa = PBXResourcesBuildPhase;
			buildActionMask = 2147483647;
			files = (
			);
			runOnlyForDeploymentPostprocessing = 0;
		};
		765847FA250D2E30002C325B /* Resources */ = {
			isa = PBXResourcesBuildPhase;
			buildActionMask = 2147483647;
			files = (
			);
			runOnlyForDeploymentPostprocessing = 0;
		};
/* End PBXResourcesBuildPhase section */

/* Begin PBXSourcesBuildPhase section */
		765847D7250D2E2C002C325B /* Sources */ = {
			isa = PBXSourcesBuildPhase;
			buildActionMask = 2147483647;
			files = (
				765847E1250D2E2C002C325B /* ContentView.swift in Sources */,
				765847DF250D2E2C002C325B /* AppDelegate.swift in Sources */,
				765847E3250D2E2C002C325B /* Experience.rcproject in Sources */,
			);
			runOnlyForDeploymentPostprocessing = 0;
		};
		765847ED250D2E30002C325B /* Sources */ = {
			isa = PBXSourcesBuildPhase;
			buildActionMask = 2147483647;
			files = (
				765847F6250D2E30002C325B /* MoleculARTests.swift in Sources */,
			);
			runOnlyForDeploymentPostprocessing = 0;
		};
		765847F8250D2E30002C325B /* Sources */ = {
			isa = PBXSourcesBuildPhase;
			buildActionMask = 2147483647;
			files = (
				76584801250D2E30002C325B /* MoleculARUITests.swift in Sources */,
			);
			runOnlyForDeploymentPostprocessing = 0;
		};
/* End PBXSourcesBuildPhase section */

/* Begin PBXTargetDependency section */
		765847F3250D2E30002C325B /* PBXTargetDependency */ = {
			isa = PBXTargetDependency;
			target = 765847DA250D2E2C002C325B /* MoleculAR */;
			targetProxy = 765847F2250D2E30002C325B /* PBXContainerItemProxy */;
		};
		765847FE250D2E30002C325B /* PBXTargetDependency */ = {
			isa = PBXTargetDependency;
			target = 765847DA250D2E2C002C325B /* MoleculAR */;
			targetProxy = 765847FD250D2E30002C325B /* PBXContainerItemProxy */;
		};
/* End PBXTargetDependency section */

/* Begin PBXVariantGroup section */
		765847E9250D2E30002C325B /* LaunchScreen.storyboard */ = {
			isa = PBXVariantGroup;
			children = (
				765847EA250D2E30002C325B /* Base */,
			);
			name = LaunchScreen.storyboard;
			sourceTree = "<group>";
		};
/* End PBXVariantGroup section */

/* Begin XCBuildConfiguration section */
		76584803250D2E30002C325B /* Debug */ = {
			isa = XCBuildConfiguration;
			buildSettings = {
				ALWAYS_SEARCH_USER_PATHS = NO;
				CLANG_ANALYZER_NONNULL = YES;
				CLANG_ANALYZER_NUMBER_OBJECT_CONVERSION = YES_AGGRESSIVE;
				CLANG_CXX_LANGUAGE_STANDARD = "gnu++14";
				CLANG_CXX_LIBRARY = "libc++";
				CLANG_ENABLE_MODULES = YES;
				CLANG_ENABLE_OBJC_ARC = YES;
				CLANG_ENABLE_OBJC_WEAK = YES;
				CLANG_WARN_BLOCK_CAPTURE_AUTORELEASING = YES;
				CLANG_WARN_BOOL_CONVERSION = YES;
				CLANG_WARN_COMMA = YES;
				CLANG_WARN_CONSTANT_CONVERSION = YES;
				CLANG_WARN_DEPRECATED_OBJC_IMPLEMENTATIONS = YES;
				CLANG_WARN_DIRECT_OBJC_ISA_USAGE = YES_ERROR;
				CLANG_WARN_DOCUMENTATION_COMMENTS = YES;
				CLANG_WARN_EMPTY_BODY = YES;
				CLANG_WARN_ENUM_CONVERSION = YES;
				CLANG_WARN_INFINITE_RECURSION = YES;
				CLANG_WARN_INT_CONVERSION = YES;
				CLANG_WARN_NON_LITERAL_NULL_CONVERSION = YES;
				CLANG_WARN_OBJC_IMPLICIT_RETAIN_SELF = YES;
				CLANG_WARN_OBJC_LITERAL_CONVERSION = YES;
				CLANG_WARN_OBJC_ROOT_CLASS = YES_ERROR;
				CLANG_WARN_RANGE_LOOP_ANALYSIS = YES;
				CLANG_WARN_STRICT_PROTOTYPES = YES;
				CLANG_WARN_SUSPICIOUS_MOVE = YES;
				CLANG_WARN_UNGUARDED_AVAILABILITY = YES_AGGRESSIVE;
				CLANG_WARN_UNREACHABLE_CODE = YES;
				CLANG_WARN__DUPLICATE_METHOD_MATCH = YES;
				COPY_PHASE_STRIP = NO;
				DEBUG_INFORMATION_FORMAT = dwarf;
				ENABLE_STRICT_OBJC_MSGSEND = YES;
				ENABLE_TESTABILITY = YES;
				GCC_C_LANGUAGE_STANDARD = gnu11;
				GCC_DYNAMIC_NO_PIC = NO;
				GCC_NO_COMMON_BLOCKS = YES;
				GCC_OPTIMIZATION_LEVEL = 0;
				GCC_PREPROCESSOR_DEFINITIONS = (
					"DEBUG=1",
					"$(inherited)",
				);
				GCC_WARN_64_TO_32_BIT_CONVERSION = YES;
				GCC_WARN_ABOUT_RETURN_TYPE = YES_ERROR;
				GCC_WARN_UNDECLARED_SELECTOR = YES;
				GCC_WARN_UNINITIALIZED_AUTOS = YES_AGGRESSIVE;
				GCC_WARN_UNUSED_FUNCTION = YES;
				GCC_WARN_UNUSED_VARIABLE = YES;
				IPHONEOS_DEPLOYMENT_TARGET = 13.7;
				MTL_ENABLE_DEBUG_INFO = INCLUDE_SOURCE;
				MTL_FAST_MATH = YES;
				ONLY_ACTIVE_ARCH = YES;
				SDKROOT = iphoneos;
				SWIFT_ACTIVE_COMPILATION_CONDITIONS = DEBUG;
				SWIFT_OPTIMIZATION_LEVEL = "-Onone";
			};
			name = Debug;
		};
		76584804250D2E30002C325B /* Release */ = {
			isa = XCBuildConfiguration;
			buildSettings = {
				ALWAYS_SEARCH_USER_PATHS = NO;
				CLANG_ANALYZER_NONNULL = YES;
				CLANG_ANALYZER_NUMBER_OBJECT_CONVERSION = YES_AGGRESSIVE;
				CLANG_CXX_LANGUAGE_STANDARD = "gnu++14";
				CLANG_CXX_LIBRARY = "libc++";
				CLANG_ENABLE_MODULES = YES;
				CLANG_ENABLE_OBJC_ARC = YES;
				CLANG_ENABLE_OBJC_WEAK = YES;
				CLANG_WARN_BLOCK_CAPTURE_AUTORELEASING = YES;
				CLANG_WARN_BOOL_CONVERSION = YES;
				CLANG_WARN_COMMA = YES;
				CLANG_WARN_CONSTANT_CONVERSION = YES;
				CLANG_WARN_DEPRECATED_OBJC_IMPLEMENTATIONS = YES;
				CLANG_WARN_DIRECT_OBJC_ISA_USAGE = YES_ERROR;
				CLANG_WARN_DOCUMENTATION_COMMENTS = YES;
				CLANG_WARN_EMPTY_BODY = YES;
				CLANG_WARN_ENUM_CONVERSION = YES;
				CLANG_WARN_INFINITE_RECURSION = YES;
				CLANG_WARN_INT_CONVERSION = YES;
				CLANG_WARN_NON_LITERAL_NULL_CONVERSION = YES;
				CLANG_WARN_OBJC_IMPLICIT_RETAIN_SELF = YES;
				CLANG_WARN_OBJC_LITERAL_CONVERSION = YES;
				CLANG_WARN_OBJC_ROOT_CLASS = YES_ERROR;
				CLANG_WARN_RANGE_LOOP_ANALYSIS = YES;
				CLANG_WARN_STRICT_PROTOTYPES = YES;
				CLANG_WARN_SUSPICIOUS_MOVE = YES;
				CLANG_WARN_UNGUARDED_AVAILABILITY = YES_AGGRESSIVE;
				CLANG_WARN_UNREACHABLE_CODE = YES;
				CLANG_WARN__DUPLICATE_METHOD_MATCH = YES;
				COPY_PHASE_STRIP = NO;
				DEBUG_INFORMATION_FORMAT = "dwarf-with-dsym";
				ENABLE_NS_ASSERTIONS = NO;
				ENABLE_STRICT_OBJC_MSGSEND = YES;
				GCC_C_LANGUAGE_STANDARD = gnu11;
				GCC_NO_COMMON_BLOCKS = YES;
				GCC_WARN_64_TO_32_BIT_CONVERSION = YES;
				GCC_WARN_ABOUT_RETURN_TYPE = YES_ERROR;
				GCC_WARN_UNDECLARED_SELECTOR = YES;
				GCC_WARN_UNINITIALIZED_AUTOS = YES_AGGRESSIVE;
				GCC_WARN_UNUSED_FUNCTION = YES;
				GCC_WARN_UNUSED_VARIABLE = YES;
				IPHONEOS_DEPLOYMENT_TARGET = 13.7;
				MTL_ENABLE_DEBUG_INFO = NO;
				MTL_FAST_MATH = YES;
				SDKROOT = iphoneos;
				SWIFT_COMPILATION_MODE = wholemodule;
				SWIFT_OPTIMIZATION_LEVEL = "-O";
				VALIDATE_PRODUCT = YES;
			};
			name = Release;
		};
		76584806250D2E30002C325B /* Debug */ = {
			isa = XCBuildConfiguration;
			buildSettings = {
				ASSETCATALOG_COMPILER_APPICON_NAME = AppIcon;
				CODE_SIGN_STYLE = Automatic;
				DEVELOPMENT_ASSET_PATHS = "\"MoleculAR/Preview Content\"";
				DEVELOPMENT_TEAM = 7WXW23QUX3;
				ENABLE_PREVIEWS = YES;
				INFOPLIST_FILE = MoleculAR/Info.plist;
				LD_RUNPATH_SEARCH_PATHS = (
					"$(inherited)",
					"@executable_path/Frameworks",
				);
				PRODUCT_BUNDLE_IDENTIFIER = com.surrealdev.MoleculAR;
				PRODUCT_NAME = "$(TARGET_NAME)";
				SWIFT_VERSION = 5.0;
				TARGETED_DEVICE_FAMILY = "1,2";
			};
			name = Debug;
		};
		76584807250D2E30002C325B /* Release */ = {
			isa = XCBuildConfiguration;
			buildSettings = {
				ASSETCATALOG_COMPILER_APPICON_NAME = AppIcon;
				CODE_SIGN_STYLE = Automatic;
				DEVELOPMENT_ASSET_PATHS = "\"MoleculAR/Preview Content\"";
				DEVELOPMENT_TEAM = 7WXW23QUX3;
				ENABLE_PREVIEWS = YES;
				INFOPLIST_FILE = MoleculAR/Info.plist;
				LD_RUNPATH_SEARCH_PATHS = (
					"$(inherited)",
					"@executable_path/Frameworks",
				);
				PRODUCT_BUNDLE_IDENTIFIER = com.surrealdev.MoleculAR;
				PRODUCT_NAME = "$(TARGET_NAME)";
				SWIFT_VERSION = 5.0;
				TARGETED_DEVICE_FAMILY = "1,2";
			};
			name = Release;
		};
		76584809250D2E30002C325B /* Debug */ = {
			isa = XCBuildConfiguration;
			buildSettings = {
				ALWAYS_EMBED_SWIFT_STANDARD_LIBRARIES = YES;
				BUNDLE_LOADER = "$(TEST_HOST)";
				CODE_SIGN_STYLE = Automatic;
				DEVELOPMENT_TEAM = 7WXW23QUX3;
				INFOPLIST_FILE = MoleculARTests/Info.plist;
				IPHONEOS_DEPLOYMENT_TARGET = 13.7;
				LD_RUNPATH_SEARCH_PATHS = (
					"$(inherited)",
					"@executable_path/Frameworks",
					"@loader_path/Frameworks",
				);
				PRODUCT_BUNDLE_IDENTIFIER = com.surrealdev.MoleculARTests;
				PRODUCT_NAME = "$(TARGET_NAME)";
				SWIFT_VERSION = 5.0;
				TARGETED_DEVICE_FAMILY = "1,2";
				TEST_HOST = "$(BUILT_PRODUCTS_DIR)/MoleculAR.app/MoleculAR";
			};
			name = Debug;
		};
		7658480A250D2E30002C325B /* Release */ = {
			isa = XCBuildConfiguration;
			buildSettings = {
				ALWAYS_EMBED_SWIFT_STANDARD_LIBRARIES = YES;
				BUNDLE_LOADER = "$(TEST_HOST)";
				CODE_SIGN_STYLE = Automatic;
				DEVELOPMENT_TEAM = 7WXW23QUX3;
				INFOPLIST_FILE = MoleculARTests/Info.plist;
				IPHONEOS_DEPLOYMENT_TARGET = 13.7;
				LD_RUNPATH_SEARCH_PATHS = (
					"$(inherited)",
					"@executable_path/Frameworks",
					"@loader_path/Frameworks",
				);
				PRODUCT_BUNDLE_IDENTIFIER = com.surrealdev.MoleculARTests;
				PRODUCT_NAME = "$(TARGET_NAME)";
				SWIFT_VERSION = 5.0;
				TARGETED_DEVICE_FAMILY = "1,2";
				TEST_HOST = "$(BUILT_PRODUCTS_DIR)/MoleculAR.app/MoleculAR";
			};
			name = Release;
		};
		7658480C250D2E30002C325B /* Debug */ = {
			isa = XCBuildConfiguration;
			buildSettings = {
				ALWAYS_EMBED_SWIFT_STANDARD_LIBRARIES = YES;
				CODE_SIGN_STYLE = Automatic;
				DEVELOPMENT_TEAM = 7WXW23QUX3;
				INFOPLIST_FILE = MoleculARUITests/Info.plist;
				LD_RUNPATH_SEARCH_PATHS = (
					"$(inherited)",
					"@executable_path/Frameworks",
					"@loader_path/Frameworks",
				);
				PRODUCT_BUNDLE_IDENTIFIER = com.surrealdev.MoleculARUITests;
				PRODUCT_NAME = "$(TARGET_NAME)";
				SWIFT_VERSION = 5.0;
				TARGETED_DEVICE_FAMILY = "1,2";
				TEST_TARGET_NAME = MoleculAR;
			};
			name = Debug;
		};
		7658480D250D2E30002C325B /* Release */ = {
			isa = XCBuildConfiguration;
			buildSettings = {
				ALWAYS_EMBED_SWIFT_STANDARD_LIBRARIES = YES;
				CODE_SIGN_STYLE = Automatic;
				DEVELOPMENT_TEAM = 7WXW23QUX3;
				INFOPLIST_FILE = MoleculARUITests/Info.plist;
				LD_RUNPATH_SEARCH_PATHS = (
					"$(inherited)",
					"@executable_path/Frameworks",
					"@loader_path/Frameworks",
				);
				PRODUCT_BUNDLE_IDENTIFIER = com.surrealdev.MoleculARUITests;
				PRODUCT_NAME = "$(TARGET_NAME)";
				SWIFT_VERSION = 5.0;
				TARGETED_DEVICE_FAMILY = "1,2";
				TEST_TARGET_NAME = MoleculAR;
			};
			name = Release;
		};
/* End XCBuildConfiguration section */

/* Begin XCConfigurationList section */
		765847D6250D2E2C002C325B /* Build configuration list for PBXProject "MoleculAR" */ = {
			isa = XCConfigurationList;
			buildConfigurations = (
				76584803250D2E30002C325B /* Debug */,
				76584804250D2E30002C325B /* Release */,
			);
			defaultConfigurationIsVisible = 0;
			defaultConfigurationName = Release;
		};
		76584805250D2E30002C325B /* Build configuration list for PBXNativeTarget "MoleculAR" */ = {
			isa = XCConfigurationList;
			buildConfigurations = (
				76584806250D2E30002C325B /* Debug */,
				76584807250D2E30002C325B /* Release */,
			);
			defaultConfigurationIsVisible = 0;
			defaultConfigurationName = Release;
		};
		76584808250D2E30002C325B /* Build configuration list for PBXNativeTarget "MoleculARTests" */ = {
			isa = XCConfigurationList;
			buildConfigurations = (
				76584809250D2E30002C325B /* Debug */,
				7658480A250D2E30002C325B /* Release */,
			);
			defaultConfigurationIsVisible = 0;
			defaultConfigurationName = Release;
		};
		7658480B250D2E30002C325B /* Build configuration list for PBXNativeTarget "MoleculARUITests" */ = {
			isa = XCConfigurationList;
			buildConfigurations = (
				7658480C250D2E30002C325B /* Debug */,
				7658480D250D2E30002C325B /* Release */,
			);
			defaultConfigurationIsVisible = 0;
			defaultConfigurationName = Release;
		};
/* End XCConfigurationList section */
	};
	rootObject = 765847D3250D2E2C002C325B /* Project object */;
}
